
Microsoft Visual Studio Solution File, Format Version 12.00
# Visual Studio Version 17
VisualStudioVersion = 17.5.002.0
MinimumVisualStudioVersion = 10.0.40219.1
Project("{9A19103F-16F7-4668-BE54-9A1E7A4F7556}") = "U2-Actividad1", "U2-Actividad1.csproj", "{7BBF7086-5B1B-43B9-9A0A-46593CC99B15}"
EndProject
Global
	GlobalSection(SolutionConfigurationPlatforms) = preSolution
		Debug|Any CPU = Debug|Any CPU
		Release|Any CPU = Release|Any CPU
	EndGlobalSection
	GlobalSection(ProjectConfigurationPlatforms) = postSolution
		{7BBF7086-5B1B-43B9-9A0A-46593CC99B15}.Debug|Any CPU.ActiveCfg = Debug|Any CPU
		{7BBF7086-5B1B-43B9-9A0A-46593CC99B15}.Debug|Any CPU.Build.0 = Debug|Any CPU
		{7BBF7086-5B1B-43B9-9A0A-46593CC99B15}.Release|Any CPU.ActiveCfg = Release|Any CPU
		{7BBF7086-5B1B-43B9-9A0A-46593CC99B15}.Release|Any CPU.Build.0 = Release|Any CPU
	EndGlobalSection
	GlobalSection(SolutionProperties) = preSolution
		HideSolutionNode = FALSE
	EndGlobalSection
	GlobalSection(ExtensibilityGlobals) = postSolution
		SolutionGuid = {AE20EA35-D2EB-44B9-8E8E-5837BE8CBB16}
	EndGlobalSection
EndGlobal
